// !$*UTF8*$!
{
	archiveVersion = 1;
	classes = {
	};
	objectVersion = 51;
	objects = {

/* Begin PBXBuildFile section */
		1E70452CFC4DCCA5BA7E2852 /* Pods_TV_ShowTests.framework in Frameworks */ = {isa = PBXBuildFile; fileRef = BA766013C021B63F92AB7E95 /* Pods_TV_ShowTests.framework */; };
		30D22B5D6B205875A26ED747 /* Pods_TV_Show.framework in Frameworks */ = {isa = PBXBuildFile; fileRef = 6F5ABB281C823AC82DAE71CA /* Pods_TV_Show.framework */; };
		33349C03256CA68C00CE17AE /* About.swift in Sources */ = {isa = PBXBuildFile; fileRef = 33349C01256CA68B00CE17AE /* About.swift */; };
		33349C04256CA68C00CE17AE /* About.xib in Resources */ = {isa = PBXBuildFile; fileRef = 33349C02256CA68B00CE17AE /* About.xib */; };
		33349C0A256CA6C700CE17AE /* Favorites.swift in Sources */ = {isa = PBXBuildFile; fileRef = 33349C08256CA6C700CE17AE /* Favorites.swift */; };
		33349C0B256CA6C700CE17AE /* Favorites.xib in Resources */ = {isa = PBXBuildFile; fileRef = 33349C09256CA6C700CE17AE /* Favorites.xib */; };
		33349C11256CA6FB00CE17AE /* Movies.swift in Sources */ = {isa = PBXBuildFile; fileRef = 33349C0F256CA6FB00CE17AE /* Movies.swift */; };
		33349C12256CA6FB00CE17AE /* Movies.xib in Resources */ = {isa = PBXBuildFile; fileRef = 33349C10256CA6FB00CE17AE /* Movies.xib */; };
		33349C18256CA71700CE17AE /* Settings.swift in Sources */ = {isa = PBXBuildFile; fileRef = 33349C16256CA71700CE17AE /* Settings.swift */; };
		33349C19256CA71700CE17AE /* Settings.xib in Resources */ = {isa = PBXBuildFile; fileRef = 33349C17256CA71700CE17AE /* Settings.xib */; };
		33349C32256CE2E900CE17AE /* Movie.swift in Sources */ = {isa = PBXBuildFile; fileRef = 33349C31256CE2E900CE17AE /* Movie.swift */; };
		33349C38256CE44900CE17AE /* Data.Ext.swift in Sources */ = {isa = PBXBuildFile; fileRef = 33349C37256CE44900CE17AE /* Data.Ext.swift */; };
		33349C41256CEBAC00CE17AE /* API.swift in Sources */ = {isa = PBXBuildFile; fileRef = 33349C40256CEBAC00CE17AE /* API.swift */; };
		33349C49256CECCB00CE17AE /* MoviesViewModel.swift in Sources */ = {isa = PBXBuildFile; fileRef = 33349C48256CECCB00CE17AE /* MoviesViewModel.swift */; };
		33349C50256CF27E00CE17AE /* MovieCell.swift in Sources */ = {isa = PBXBuildFile; fileRef = 33349C4E256CF27E00CE17AE /* MovieCell.swift */; };
		33349C51256CF27E00CE17AE /* MovieCell.xib in Resources */ = {isa = PBXBuildFile; fileRef = 33349C4F256CF27E00CE17AE /* MovieCell.xib */; };
		33349C57256CF7F600CE17AE /* BaseViewController.swift in Sources */ = {isa = PBXBuildFile; fileRef = 33349C56256CF7F600CE17AE /* BaseViewController.swift */; };
		33349C60256D014E00CE17AE /* Networking.swift in Sources */ = {isa = PBXBuildFile; fileRef = 33349C5F256D014E00CE17AE /* Networking.swift */; };
		33349C69256E3A5700CE17AE /* DetailViewController.swift in Sources */ = {isa = PBXBuildFile; fileRef = 33349C67256E3A5700CE17AE /* DetailViewController.swift */; };
		33349C6A256E3A5700CE17AE /* DetailViewController.xib in Resources */ = {isa = PBXBuildFile; fileRef = 33349C68256E3A5700CE17AE /* DetailViewController.xib */; };
		33349C6F256E482600CE17AE /* MovieDetail.swift in Sources */ = {isa = PBXBuildFile; fileRef = 33349C6E256E482600CE17AE /* MovieDetail.swift */; };
		33349C81256F636400CE17AE /* DetailViewModel.swift in Sources */ = {isa = PBXBuildFile; fileRef = 33349C80256F636400CE17AE /* DetailViewModel.swift */; };
		33349C892570A4FC00CE17AE /* FavoritesViewModel.swift in Sources */ = {isa = PBXBuildFile; fileRef = 33349C882570A4FC00CE17AE /* FavoritesViewModel.swift */; };
		33349C912570F35600CE17AE /* MovieCellModel.swift in Sources */ = {isa = PBXBuildFile; fileRef = 33349C902570F35600CE17AE /* MovieCellModel.swift */; };
		33349CAC2579E77300CE17AE /* Favorite.swift in Sources */ = {isa = PBXBuildFile; fileRef = 33349CAB2579E77300CE17AE /* Favorite.swift */; };
		335F62A5256CA1B100E7A1B3 /* AppDelegate.swift in Sources */ = {isa = PBXBuildFile; fileRef = 335F62A4256CA1B100E7A1B3 /* AppDelegate.swift */; };
		335F62A7256CA1B100E7A1B3 /* SceneDelegate.swift in Sources */ = {isa = PBXBuildFile; fileRef = 335F62A6256CA1B100E7A1B3 /* SceneDelegate.swift */; };
		335F62AE256CA1B600E7A1B3 /* Assets.xcassets in Resources */ = {isa = PBXBuildFile; fileRef = 335F62AD256CA1B600E7A1B3 /* Assets.xcassets */; };
		335F62B1256CA1B600E7A1B3 /* LaunchScreen.storyboard in Resources */ = {isa = PBXBuildFile; fileRef = 335F62AF256CA1B600E7A1B3 /* LaunchScreen.storyboard */; };
		335F62BC256CA1B700E7A1B3 /* TV_ShowTests.swift in Sources */ = {isa = PBXBuildFile; fileRef = 335F62BB256CA1B700E7A1B3 /* TV_ShowTests.swift */; };
		335F62C7256CA1B700E7A1B3 /* TV_ShowUITests.swift in Sources */ = {isa = PBXBuildFile; fileRef = 335F62C6256CA1B700E7A1B3 /* TV_ShowUITests.swift */; };
		9BD4C2850998F0CE65382DB4 /* Pods_TV_Show_TV_ShowUITests.framework in Frameworks */ = {isa = PBXBuildFile; fileRef = 63CF6732A3EE3FA695630595 /* Pods_TV_Show_TV_ShowUITests.framework */; };
/* End PBXBuildFile section */

/* Begin PBXContainerItemProxy section */
		335F62B8256CA1B700E7A1B3 /* PBXContainerItemProxy */ = {
			isa = PBXContainerItemProxy;
			containerPortal = 335F6299256CA1B100E7A1B3 /* Project object */;
			proxyType = 1;
			remoteGlobalIDString = 335F62A0256CA1B100E7A1B3;
			remoteInfo = "TV Show";
		};
		335F62C3256CA1B700E7A1B3 /* PBXContainerItemProxy */ = {
			isa = PBXContainerItemProxy;
			containerPortal = 335F6299256CA1B100E7A1B3 /* Project object */;
			proxyType = 1;
			remoteGlobalIDString = 335F62A0256CA1B100E7A1B3;
			remoteInfo = "TV Show";
		};
/* End PBXContainerItemProxy section */

/* Begin PBXFileReference section */
		1545A8C7FCD0E56B7663B6D7 /* Pods-TV ShowTests.debug.xcconfig */ = {isa = PBXFileReference; includeInIndex = 1; lastKnownFileType = text.xcconfig; name = "Pods-TV ShowTests.debug.xcconfig"; path = "Target Support Files/Pods-TV ShowTests/Pods-TV ShowTests.debug.xcconfig"; sourceTree = "<group>"; };
		2ED6F4D9D513B5B67BB36427 /* Pods-TV ShowTests.release.xcconfig */ = {isa = PBXFileReference; includeInIndex = 1; lastKnownFileType = text.xcconfig; name = "Pods-TV ShowTests.release.xcconfig"; path = "Target Support Files/Pods-TV ShowTests/Pods-TV ShowTests.release.xcconfig"; sourceTree = "<group>"; };
		33349C01256CA68B00CE17AE /* About.swift */ = {isa = PBXFileReference; lastKnownFileType = sourcecode.swift; path = About.swift; sourceTree = "<group>"; };
		33349C02256CA68B00CE17AE /* About.xib */ = {isa = PBXFileReference; lastKnownFileType = file.xib; path = About.xib; sourceTree = "<group>"; };
		33349C08256CA6C700CE17AE /* Favorites.swift */ = {isa = PBXFileReference; lastKnownFileType = sourcecode.swift; path = Favorites.swift; sourceTree = "<group>"; };
		33349C09256CA6C700CE17AE /* Favorites.xib */ = {isa = PBXFileReference; lastKnownFileType = file.xib; path = Favorites.xib; sourceTree = "<group>"; };
		33349C0F256CA6FB00CE17AE /* Movies.swift */ = {isa = PBXFileReference; lastKnownFileType = sourcecode.swift; path = Movies.swift; sourceTree = "<group>"; };
		33349C10256CA6FB00CE17AE /* Movies.xib */ = {isa = PBXFileReference; lastKnownFileType = file.xib; path = Movies.xib; sourceTree = "<group>"; };
		33349C16256CA71700CE17AE /* Settings.swift */ = {isa = PBXFileReference; lastKnownFileType = sourcecode.swift; path = Settings.swift; sourceTree = "<group>"; };
		33349C17256CA71700CE17AE /* Settings.xib */ = {isa = PBXFileReference; lastKnownFileType = file.xib; path = Settings.xib; sourceTree = "<group>"; };
		33349C31256CE2E900CE17AE /* Movie.swift */ = {isa = PBXFileReference; lastKnownFileType = sourcecode.swift; path = Movie.swift; sourceTree = "<group>"; };
		33349C37256CE44900CE17AE /* Data.Ext.swift */ = {isa = PBXFileReference; lastKnownFileType = sourcecode.swift; path = Data.Ext.swift; sourceTree = "<group>"; };
		33349C40256CEBAC00CE17AE /* API.swift */ = {isa = PBXFileReference; lastKnownFileType = sourcecode.swift; path = API.swift; sourceTree = "<group>"; };
		33349C48256CECCB00CE17AE /* MoviesViewModel.swift */ = {isa = PBXFileReference; lastKnownFileType = sourcecode.swift; path = MoviesViewModel.swift; sourceTree = "<group>"; };
		33349C4E256CF27E00CE17AE /* MovieCell.swift */ = {isa = PBXFileReference; lastKnownFileType = sourcecode.swift; path = MovieCell.swift; sourceTree = "<group>"; };
		33349C4F256CF27E00CE17AE /* MovieCell.xib */ = {isa = PBXFileReference; lastKnownFileType = file.xib; path = MovieCell.xib; sourceTree = "<group>"; };
		33349C56256CF7F600CE17AE /* BaseViewController.swift */ = {isa = PBXFileReference; lastKnownFileType = sourcecode.swift; path = BaseViewController.swift; sourceTree = "<group>"; };
		33349C5F256D014E00CE17AE /* Networking.swift */ = {isa = PBXFileReference; lastKnownFileType = sourcecode.swift; path = Networking.swift; sourceTree = "<group>"; };
		33349C67256E3A5700CE17AE /* DetailViewController.swift */ = {isa = PBXFileReference; lastKnownFileType = sourcecode.swift; path = DetailViewController.swift; sourceTree = "<group>"; };
		33349C68256E3A5700CE17AE /* DetailViewController.xib */ = {isa = PBXFileReference; lastKnownFileType = file.xib; path = DetailViewController.xib; sourceTree = "<group>"; };
		33349C6E256E482600CE17AE /* MovieDetail.swift */ = {isa = PBXFileReference; lastKnownFileType = sourcecode.swift; path = MovieDetail.swift; sourceTree = "<group>"; };
		33349C80256F636400CE17AE /* DetailViewModel.swift */ = {isa = PBXFileReference; lastKnownFileType = sourcecode.swift; path = DetailViewModel.swift; sourceTree = "<group>"; };
		33349C882570A4FC00CE17AE /* FavoritesViewModel.swift */ = {isa = PBXFileReference; lastKnownFileType = sourcecode.swift; path = FavoritesViewModel.swift; sourceTree = "<group>"; };
		33349C902570F35600CE17AE /* MovieCellModel.swift */ = {isa = PBXFileReference; lastKnownFileType = sourcecode.swift; path = MovieCellModel.swift; sourceTree = "<group>"; };
		33349CAB2579E77300CE17AE /* Favorite.swift */ = {isa = PBXFileReference; lastKnownFileType = sourcecode.swift; path = Favorite.swift; sourceTree = "<group>"; };
		335F62A1256CA1B100E7A1B3 /* TV Show.app */ = {isa = PBXFileReference; explicitFileType = wrapper.application; includeInIndex = 0; path = "TV Show.app"; sourceTree = BUILT_PRODUCTS_DIR; };
		335F62A4256CA1B100E7A1B3 /* AppDelegate.swift */ = {isa = PBXFileReference; lastKnownFileType = sourcecode.swift; path = AppDelegate.swift; sourceTree = "<group>"; };
		335F62A6256CA1B100E7A1B3 /* SceneDelegate.swift */ = {isa = PBXFileReference; lastKnownFileType = sourcecode.swift; path = SceneDelegate.swift; sourceTree = "<group>"; };
		335F62AD256CA1B600E7A1B3 /* Assets.xcassets */ = {isa = PBXFileReference; lastKnownFileType = folder.assetcatalog; path = Assets.xcassets; sourceTree = "<group>"; };
		335F62B0256CA1B600E7A1B3 /* Base */ = {isa = PBXFileReference; lastKnownFileType = file.storyboard; name = Base; path = Base.lproj/LaunchScreen.storyboard; sourceTree = "<group>"; };
		335F62B2256CA1B600E7A1B3 /* Info.plist */ = {isa = PBXFileReference; lastKnownFileType = text.plist.xml; path = Info.plist; sourceTree = "<group>"; };
		335F62B7256CA1B700E7A1B3 /* TV ShowTests.xctest */ = {isa = PBXFileReference; explicitFileType = wrapper.cfbundle; includeInIndex = 0; path = "TV ShowTests.xctest"; sourceTree = BUILT_PRODUCTS_DIR; };
		335F62BB256CA1B700E7A1B3 /* TV_ShowTests.swift */ = {isa = PBXFileReference; lastKnownFileType = sourcecode.swift; path = TV_ShowTests.swift; sourceTree = "<group>"; };
		335F62BD256CA1B700E7A1B3 /* Info.plist */ = {isa = PBXFileReference; lastKnownFileType = text.plist.xml; path = Info.plist; sourceTree = "<group>"; };
		335F62C2256CA1B700E7A1B3 /* TV ShowUITests.xctest */ = {isa = PBXFileReference; explicitFileType = wrapper.cfbundle; includeInIndex = 0; path = "TV ShowUITests.xctest"; sourceTree = BUILT_PRODUCTS_DIR; };
		335F62C6256CA1B700E7A1B3 /* TV_ShowUITests.swift */ = {isa = PBXFileReference; lastKnownFileType = sourcecode.swift; path = TV_ShowUITests.swift; sourceTree = "<group>"; };
		335F62C8256CA1B700E7A1B3 /* Info.plist */ = {isa = PBXFileReference; lastKnownFileType = text.plist.xml; path = Info.plist; sourceTree = "<group>"; };
		51F5462E7E02CC54FA189610 /* Pods-TV Show-TV ShowUITests.debug.xcconfig */ = {isa = PBXFileReference; includeInIndex = 1; lastKnownFileType = text.xcconfig; name = "Pods-TV Show-TV ShowUITests.debug.xcconfig"; path = "Target Support Files/Pods-TV Show-TV ShowUITests/Pods-TV Show-TV ShowUITests.debug.xcconfig"; sourceTree = "<group>"; };
		63CF6732A3EE3FA695630595 /* Pods_TV_Show_TV_ShowUITests.framework */ = {isa = PBXFileReference; explicitFileType = wrapper.framework; includeInIndex = 0; path = Pods_TV_Show_TV_ShowUITests.framework; sourceTree = BUILT_PRODUCTS_DIR; };
		6F5ABB281C823AC82DAE71CA /* Pods_TV_Show.framework */ = {isa = PBXFileReference; explicitFileType = wrapper.framework; includeInIndex = 0; path = Pods_TV_Show.framework; sourceTree = BUILT_PRODUCTS_DIR; };
		8800218A3BFDF65E41A3B74C /* Pods-TV Show.release.xcconfig */ = {isa = PBXFileReference; includeInIndex = 1; lastKnownFileType = text.xcconfig; name = "Pods-TV Show.release.xcconfig"; path = "Target Support Files/Pods-TV Show/Pods-TV Show.release.xcconfig"; sourceTree = "<group>"; };
		BA766013C021B63F92AB7E95 /* Pods_TV_ShowTests.framework */ = {isa = PBXFileReference; explicitFileType = wrapper.framework; includeInIndex = 0; path = Pods_TV_ShowTests.framework; sourceTree = BUILT_PRODUCTS_DIR; };
		CEA0BC30402AB9267CAE9783 /* Pods-TV Show.debug.xcconfig */ = {isa = PBXFileReference; includeInIndex = 1; lastKnownFileType = text.xcconfig; name = "Pods-TV Show.debug.xcconfig"; path = "Target Support Files/Pods-TV Show/Pods-TV Show.debug.xcconfig"; sourceTree = "<group>"; };
		CF74DDB3ACCD691221F6EBAE /* Pods-TV Show-TV ShowUITests.release.xcconfig */ = {isa = PBXFileReference; includeInIndex = 1; lastKnownFileType = text.xcconfig; name = "Pods-TV Show-TV ShowUITests.release.xcconfig"; path = "Target Support Files/Pods-TV Show-TV ShowUITests/Pods-TV Show-TV ShowUITests.release.xcconfig"; sourceTree = "<group>"; };
/* End PBXFileReference section */

/* Begin PBXFrameworksBuildPhase section */
		335F629E256CA1B100E7A1B3 /* Frameworks */ = {
			isa = PBXFrameworksBuildPhase;
			buildActionMask = 2147483647;
			files = (
				30D22B5D6B205875A26ED747 /* Pods_TV_Show.framework in Frameworks */,
			);
			runOnlyForDeploymentPostprocessing = 0;
		};
		335F62B4256CA1B700E7A1B3 /* Frameworks */ = {
			isa = PBXFrameworksBuildPhase;
			buildActionMask = 2147483647;
			files = (
				1E70452CFC4DCCA5BA7E2852 /* Pods_TV_ShowTests.framework in Frameworks */,
			);
			runOnlyForDeploymentPostprocessing = 0;
		};
		335F62BF256CA1B700E7A1B3 /* Frameworks */ = {
			isa = PBXFrameworksBuildPhase;
			buildActionMask = 2147483647;
			files = (
				9BD4C2850998F0CE65382DB4 /* Pods_TV_Show_TV_ShowUITests.framework in Frameworks */,
			);
			runOnlyForDeploymentPostprocessing = 0;
		};
/* End PBXFrameworksBuildPhase section */

/* Begin PBXGroup section */
		33349BFC256CA64D00CE17AE /* Controllers */ = {
			isa = PBXGroup;
			children = (
				33349C55256CF7C600CE17AE /* Base */,
				33349C00256CA67200CE17AE /* About */,
				33349BFE256CA65A00CE17AE /* Favorites */,
				33349BFD256CA65500CE17AE /* Movies */,
				33349BFF256CA66200CE17AE /* Settings */,
			);
			path = Controllers;
			sourceTree = "<group>";
		};
		33349BFD256CA65500CE17AE /* Movies */ = {
			isa = PBXGroup;
			children = (
				33349C66256E3A0C00CE17AE /* Detail */,
				33349C4D256CF25100CE17AE /* Cell */,
				33349C0F256CA6FB00CE17AE /* Movies.swift */,
				33349C10256CA6FB00CE17AE /* Movies.xib */,
				33349C48256CECCB00CE17AE /* MoviesViewModel.swift */,
			);
			path = Movies;
			sourceTree = "<group>";
		};
		33349BFE256CA65A00CE17AE /* Favorites */ = {
			isa = PBXGroup;
			children = (
				33349C08256CA6C700CE17AE /* Favorites.swift */,
				33349C09256CA6C700CE17AE /* Favorites.xib */,
				33349C882570A4FC00CE17AE /* FavoritesViewModel.swift */,
			);
			path = Favorites;
			sourceTree = "<group>";
		};
		33349BFF256CA66200CE17AE /* Settings */ = {
			isa = PBXGroup;
			children = (
				33349C16256CA71700CE17AE /* Settings.swift */,
				33349C17256CA71700CE17AE /* Settings.xib */,
			);
			path = Settings;
			sourceTree = "<group>";
		};
		33349C00256CA67200CE17AE /* About */ = {
			isa = PBXGroup;
			children = (
				33349C01256CA68B00CE17AE /* About.swift */,
				33349C02256CA68B00CE17AE /* About.xib */,
			);
			path = About;
			sourceTree = "<group>";
		};
		33349C1D256CAABC00CE17AE /* Resources */ = {
			isa = PBXGroup;
			children = (
				335F62AD256CA1B600E7A1B3 /* Assets.xcassets */,
				335F62AF256CA1B600E7A1B3 /* LaunchScreen.storyboard */,
			);
			path = Resources;
			sourceTree = "<group>";
		};
		33349C24256CE29400CE17AE /* Objects */ = {
			isa = PBXGroup;
			children = (
				33349C31256CE2E900CE17AE /* Movie.swift */,
				33349C6E256E482600CE17AE /* MovieDetail.swift */,
				33349CAB2579E77300CE17AE /* Favorite.swift */,
			);
			path = Objects;
			sourceTree = "<group>";
		};
		33349C25256CE29D00CE17AE /* APIManager */ = {
			isa = PBXGroup;
			children = (
				33349C3F256CEB9900CE17AE /* Core */,
			);
			path = APIManager;
			sourceTree = "<group>";
		};
		33349C36256CE43800CE17AE /* Ext */ = {
			isa = PBXGroup;
			children = (
				33349C37256CE44900CE17AE /* Data.Ext.swift */,
			);
			path = Ext;
			sourceTree = "<group>";
		};
		33349C3F256CEB9900CE17AE /* Core */ = {
			isa = PBXGroup;
			children = (
				33349C40256CEBAC00CE17AE /* API.swift */,
			);
			path = Core;
			sourceTree = "<group>";
		};
		33349C4D256CF25100CE17AE /* Cell */ = {
			isa = PBXGroup;
			children = (
				33349C4E256CF27E00CE17AE /* MovieCell.swift */,
				33349C4F256CF27E00CE17AE /* MovieCell.xib */,
				33349C902570F35600CE17AE /* MovieCellModel.swift */,
			);
			path = Cell;
			sourceTree = "<group>";
		};
		33349C55256CF7C600CE17AE /* Base */ = {
			isa = PBXGroup;
			children = (
				33349C56256CF7F600CE17AE /* BaseViewController.swift */,
			);
			path = Base;
			sourceTree = "<group>";
		};
		33349C5E256D013C00CE17AE /* Networking */ = {
			isa = PBXGroup;
			children = (
				33349C5F256D014E00CE17AE /* Networking.swift */,
			);
			path = Networking;
			sourceTree = "<group>";
		};
		33349C66256E3A0C00CE17AE /* Detail */ = {
			isa = PBXGroup;
			children = (
				33349C67256E3A5700CE17AE /* DetailViewController.swift */,
				33349C68256E3A5700CE17AE /* DetailViewController.xib */,
				33349C80256F636400CE17AE /* DetailViewModel.swift */,
			);
			path = Detail;
			sourceTree = "<group>";
		};
		335F6298256CA1B100E7A1B3 = {
			isa = PBXGroup;
			children = (
				335F62A3256CA1B100E7A1B3 /* TV Show */,
				335F62BA256CA1B700E7A1B3 /* TV ShowTests */,
				335F62C5256CA1B700E7A1B3 /* TV ShowUITests */,
				335F62A2256CA1B100E7A1B3 /* Products */,
				C2EF643A83BEA4B07EE3C75B /* Pods */,
				AB9C0C31142E6F701D59D55B /* Frameworks */,
			);
			sourceTree = "<group>";
		};
		335F62A2256CA1B100E7A1B3 /* Products */ = {
			isa = PBXGroup;
			children = (
				335F62A1256CA1B100E7A1B3 /* TV Show.app */,
				335F62B7256CA1B700E7A1B3 /* TV ShowTests.xctest */,
				335F62C2256CA1B700E7A1B3 /* TV ShowUITests.xctest */,
			);
			name = Products;
			sourceTree = "<group>";
		};
		335F62A3256CA1B100E7A1B3 /* TV Show */ = {
			isa = PBXGroup;
			children = (
				335F62D7256CA1CA00E7A1B3 /* AppDelegates */,
				33349BFC256CA64D00CE17AE /* Controllers */,
				335F62B2256CA1B600E7A1B3 /* Info.plist */,
				335F62E0256CA1E100E7A1B3 /* Models */,
				33349C1D256CAABC00CE17AE /* Resources */,
				335F62DE256CA1D200E7A1B3 /* Views */,
			);
			path = "TV Show";
			sourceTree = "<group>";
		};
		335F62BA256CA1B700E7A1B3 /* TV ShowTests */ = {
			isa = PBXGroup;
			children = (
				335F62BB256CA1B700E7A1B3 /* TV_ShowTests.swift */,
				335F62BD256CA1B700E7A1B3 /* Info.plist */,
			);
			path = "TV ShowTests";
			sourceTree = "<group>";
		};
		335F62C5256CA1B700E7A1B3 /* TV ShowUITests */ = {
			isa = PBXGroup;
			children = (
				335F62C6256CA1B700E7A1B3 /* TV_ShowUITests.swift */,
				335F62C8256CA1B700E7A1B3 /* Info.plist */,
			);
			path = "TV ShowUITests";
			sourceTree = "<group>";
		};
		335F62D7256CA1CA00E7A1B3 /* AppDelegates */ = {
			isa = PBXGroup;
			children = (
				335F62A4256CA1B100E7A1B3 /* AppDelegate.swift */,
				335F62A6256CA1B100E7A1B3 /* SceneDelegate.swift */,
			);
			path = AppDelegates;
			sourceTree = "<group>";
		};
		335F62DE256CA1D200E7A1B3 /* Views */ = {
			isa = PBXGroup;
			children = (
			);
			path = Views;
			sourceTree = "<group>";
		};
		335F62E0256CA1E100E7A1B3 /* Models */ = {
			isa = PBXGroup;
			children = (
				33349C5E256D013C00CE17AE /* Networking */,
				33349C36256CE43800CE17AE /* Ext */,
				33349C25256CE29D00CE17AE /* APIManager */,
				33349C24256CE29400CE17AE /* Objects */,
			);
			path = Models;
			sourceTree = "<group>";
		};
		AB9C0C31142E6F701D59D55B /* Frameworks */ = {
			isa = PBXGroup;
			children = (
				6F5ABB281C823AC82DAE71CA /* Pods_TV_Show.framework */,
				63CF6732A3EE3FA695630595 /* Pods_TV_Show_TV_ShowUITests.framework */,
				BA766013C021B63F92AB7E95 /* Pods_TV_ShowTests.framework */,
			);
			name = Frameworks;
			sourceTree = "<group>";
		};
		C2EF643A83BEA4B07EE3C75B /* Pods */ = {
			isa = PBXGroup;
			children = (
				CEA0BC30402AB9267CAE9783 /* Pods-TV Show.debug.xcconfig */,
				8800218A3BFDF65E41A3B74C /* Pods-TV Show.release.xcconfig */,
				51F5462E7E02CC54FA189610 /* Pods-TV Show-TV ShowUITests.debug.xcconfig */,
				CF74DDB3ACCD691221F6EBAE /* Pods-TV Show-TV ShowUITests.release.xcconfig */,
				1545A8C7FCD0E56B7663B6D7 /* Pods-TV ShowTests.debug.xcconfig */,
				2ED6F4D9D513B5B67BB36427 /* Pods-TV ShowTests.release.xcconfig */,
			);
			path = Pods;
			sourceTree = "<group>";
		};
/* End PBXGroup section */

/* Begin PBXNativeTarget section */
		335F62A0256CA1B100E7A1B3 /* TV Show */ = {
			isa = PBXNativeTarget;
			buildConfigurationList = 335F62CB256CA1B700E7A1B3 /* Build configuration list for PBXNativeTarget "TV Show" */;
			buildPhases = (
				7CCE81B8F430C969F2117227 /* [CP] Check Pods Manifest.lock */,
				335F629D256CA1B100E7A1B3 /* Sources */,
				335F629E256CA1B100E7A1B3 /* Frameworks */,
				335F629F256CA1B100E7A1B3 /* Resources */,
				BE3531B0747EE34E0BE46482 /* [CP] Embed Pods Frameworks */,
			);
			buildRules = (
			);
			dependencies = (
			);
			name = "TV Show";
			productName = "TV Show";
			productReference = 335F62A1256CA1B100E7A1B3 /* TV Show.app */;
			productType = "com.apple.product-type.application";
		};
		335F62B6256CA1B700E7A1B3 /* TV ShowTests */ = {
			isa = PBXNativeTarget;
			buildConfigurationList = 335F62CE256CA1B700E7A1B3 /* Build configuration list for PBXNativeTarget "TV ShowTests" */;
			buildPhases = (
				6F8D1CB112BD1ACF4217EF92 /* [CP] Check Pods Manifest.lock */,
				335F62B3256CA1B700E7A1B3 /* Sources */,
				335F62B4256CA1B700E7A1B3 /* Frameworks */,
				335F62B5256CA1B700E7A1B3 /* Resources */,
			);
			buildRules = (
			);
			dependencies = (
				335F62B9256CA1B700E7A1B3 /* PBXTargetDependency */,
			);
			name = "TV ShowTests";
			productName = "TV ShowTests";
			productReference = 335F62B7256CA1B700E7A1B3 /* TV ShowTests.xctest */;
			productType = "com.apple.product-type.bundle.unit-test";
		};
		335F62C1256CA1B700E7A1B3 /* TV ShowUITests */ = {
			isa = PBXNativeTarget;
			buildConfigurationList = 335F62D1256CA1B700E7A1B3 /* Build configuration list for PBXNativeTarget "TV ShowUITests" */;
			buildPhases = (
				0696AD6F748B9DE59E724A3D /* [CP] Check Pods Manifest.lock */,
				335F62BE256CA1B700E7A1B3 /* Sources */,
				335F62BF256CA1B700E7A1B3 /* Frameworks */,
				335F62C0256CA1B700E7A1B3 /* Resources */,
				0E037CF879D44C0B8A1482E1 /* [CP] Embed Pods Frameworks */,
			);
			buildRules = (
			);
			dependencies = (
				335F62C4256CA1B700E7A1B3 /* PBXTargetDependency */,
			);
			name = "TV ShowUITests";
			productName = "TV ShowUITests";
			productReference = 335F62C2256CA1B700E7A1B3 /* TV ShowUITests.xctest */;
			productType = "com.apple.product-type.bundle.ui-testing";
		};
/* End PBXNativeTarget section */

/* Begin PBXProject section */
		335F6299256CA1B100E7A1B3 /* Project object */ = {
			isa = PBXProject;
			attributes = {
				LastSwiftUpdateCheck = 1210;
				LastUpgradeCheck = 1210;
				TargetAttributes = {
					335F62A0256CA1B100E7A1B3 = {
						CreatedOnToolsVersion = 12.1;
					};
					335F62B6256CA1B700E7A1B3 = {
						CreatedOnToolsVersion = 12.1;
						TestTargetID = 335F62A0256CA1B100E7A1B3;
					};
					335F62C1256CA1B700E7A1B3 = {
						CreatedOnToolsVersion = 12.1;
						TestTargetID = 335F62A0256CA1B100E7A1B3;
					};
				};
			};
			buildConfigurationList = 335F629C256CA1B100E7A1B3 /* Build configuration list for PBXProject "TV Show" */;
			compatibilityVersion = "Xcode 9.3";
			developmentRegion = en;
			hasScannedForEncodings = 0;
			knownRegions = (
				en,
				Base,
			);
			mainGroup = 335F6298256CA1B100E7A1B3;
			productRefGroup = 335F62A2256CA1B100E7A1B3 /* Products */;
			projectDirPath = "";
			projectRoot = "";
			targets = (
				335F62A0256CA1B100E7A1B3 /* TV Show */,
				335F62B6256CA1B700E7A1B3 /* TV ShowTests */,
				335F62C1256CA1B700E7A1B3 /* TV ShowUITests */,
			);
		};
/* End PBXProject section */

/* Begin PBXResourcesBuildPhase section */
		335F629F256CA1B100E7A1B3 /* Resources */ = {
			isa = PBXResourcesBuildPhase;
			buildActionMask = 2147483647;
			files = (
				33349C19256CA71700CE17AE /* Settings.xib in Resources */,
				33349C51256CF27E00CE17AE /* MovieCell.xib in Resources */,
				33349C12256CA6FB00CE17AE /* Movies.xib in Resources */,
				33349C6A256E3A5700CE17AE /* DetailViewController.xib in Resources */,
				33349C04256CA68C00CE17AE /* About.xib in Resources */,
				33349C0B256CA6C700CE17AE /* Favorites.xib in Resources */,
				335F62B1256CA1B600E7A1B3 /* LaunchScreen.storyboard in Resources */,
				335F62AE256CA1B600E7A1B3 /* Assets.xcassets in Resources */,
			);
			runOnlyForDeploymentPostprocessing = 0;
		};
		335F62B5256CA1B700E7A1B3 /* Resources */ = {
			isa = PBXResourcesBuildPhase;
			buildActionMask = 2147483647;
			files = (
			);
			runOnlyForDeploymentPostprocessing = 0;
		};
		335F62C0256CA1B700E7A1B3 /* Resources */ = {
			isa = PBXResourcesBuildPhase;
			buildActionMask = 2147483647;
			files = (
			);
			runOnlyForDeploymentPostprocessing = 0;
		};
/* End PBXResourcesBuildPhase section */

/* Begin PBXShellScriptBuildPhase section */
		0696AD6F748B9DE59E724A3D /* [CP] Check Pods Manifest.lock */ = {
			isa = PBXShellScriptBuildPhase;
			buildActionMask = 2147483647;
			files = (
			);
			inputFileListPaths = (
			);
			inputPaths = (
				"${PODS_PODFILE_DIR_PATH}/Podfile.lock",
				"${PODS_ROOT}/Manifest.lock",
			);
			name = "[CP] Check Pods Manifest.lock";
			outputFileListPaths = (
			);
			outputPaths = (
				"$(DERIVED_FILE_DIR)/Pods-TV Show-TV ShowUITests-checkManifestLockResult.txt",
			);
			runOnlyForDeploymentPostprocessing = 0;
			shellPath = /bin/sh;
			shellScript = "diff \"${PODS_PODFILE_DIR_PATH}/Podfile.lock\" \"${PODS_ROOT}/Manifest.lock\" > /dev/null\nif [ $? != 0 ] ; then\n    # print error to STDERR\n    echo \"error: The sandbox is not in sync with the Podfile.lock. Run 'pod install' or update your CocoaPods installation.\" >&2\n    exit 1\nfi\n# This output is used by Xcode 'outputs' to avoid re-running this script phase.\necho \"SUCCESS\" > \"${SCRIPT_OUTPUT_FILE_0}\"\n";
			showEnvVarsInLog = 0;
		};
		0E037CF879D44C0B8A1482E1 /* [CP] Embed Pods Frameworks */ = {
			isa = PBXShellScriptBuildPhase;
			buildActionMask = 2147483647;
			files = (
			);
			inputFileListPaths = (
				"${PODS_ROOT}/Target Support Files/Pods-TV Show-TV ShowUITests/Pods-TV Show-TV ShowUITests-frameworks-${CONFIGURATION}-input-files.xcfilelist",
			);
			name = "[CP] Embed Pods Frameworks";
			outputFileListPaths = (
				"${PODS_ROOT}/Target Support Files/Pods-TV Show-TV ShowUITests/Pods-TV Show-TV ShowUITests-frameworks-${CONFIGURATION}-output-files.xcfilelist",
			);
			runOnlyForDeploymentPostprocessing = 0;
			shellPath = /bin/sh;
			shellScript = "\"${PODS_ROOT}/Target Support Files/Pods-TV Show-TV ShowUITests/Pods-TV Show-TV ShowUITests-frameworks.sh\"\n";
			showEnvVarsInLog = 0;
		};
		6F8D1CB112BD1ACF4217EF92 /* [CP] Check Pods Manifest.lock */ = {
			isa = PBXShellScriptBuildPhase;
			buildActionMask = 2147483647;
			files = (
			);
			inputFileListPaths = (
			);
			inputPaths = (
				"${PODS_PODFILE_DIR_PATH}/Podfile.lock",
				"${PODS_ROOT}/Manifest.lock",
			);
			name = "[CP] Check Pods Manifest.lock";
			outputFileListPaths = (
			);
			outputPaths = (
				"$(DERIVED_FILE_DIR)/Pods-TV ShowTests-checkManifestLockResult.txt",
			);
			runOnlyForDeploymentPostprocessing = 0;
			shellPath = /bin/sh;
			shellScript = "diff \"${PODS_PODFILE_DIR_PATH}/Podfile.lock\" \"${PODS_ROOT}/Manifest.lock\" > /dev/null\nif [ $? != 0 ] ; then\n    # print error to STDERR\n    echo \"error: The sandbox is not in sync with the Podfile.lock. Run 'pod install' or update your CocoaPods installation.\" >&2\n    exit 1\nfi\n# This output is used by Xcode 'outputs' to avoid re-running this script phase.\necho \"SUCCESS\" > \"${SCRIPT_OUTPUT_FILE_0}\"\n";
			showEnvVarsInLog = 0;
		};
		7CCE81B8F430C969F2117227 /* [CP] Check Pods Manifest.lock */ = {
			isa = PBXShellScriptBuildPhase;
			buildActionMask = 2147483647;
			files = (
			);
			inputFileListPaths = (
			);
			inputPaths = (
				"${PODS_PODFILE_DIR_PATH}/Podfile.lock",
				"${PODS_ROOT}/Manifest.lock",
			);
			name = "[CP] Check Pods Manifest.lock";
			outputFileListPaths = (
			);
			outputPaths = (
				"$(DERIVED_FILE_DIR)/Pods-TV Show-checkManifestLockResult.txt",
			);
			runOnlyForDeploymentPostprocessing = 0;
			shellPath = /bin/sh;
			shellScript = "diff \"${PODS_PODFILE_DIR_PATH}/Podfile.lock\" \"${PODS_ROOT}/Manifest.lock\" > /dev/null\nif [ $? != 0 ] ; then\n    # print error to STDERR\n    echo \"error: The sandbox is not in sync with the Podfile.lock. Run 'pod install' or update your CocoaPods installation.\" >&2\n    exit 1\nfi\n# This output is used by Xcode 'outputs' to avoid re-running this script phase.\necho \"SUCCESS\" > \"${SCRIPT_OUTPUT_FILE_0}\"\n";
			showEnvVarsInLog = 0;
		};
		BE3531B0747EE34E0BE46482 /* [CP] Embed Pods Frameworks */ = {
			isa = PBXShellScriptBuildPhase;
			buildActionMask = 2147483647;
			files = (
			);
			inputFileListPaths = (
				"${PODS_ROOT}/Target Support Files/Pods-TV Show/Pods-TV Show-frameworks-${CONFIGURATION}-input-files.xcfilelist",
			);
			name = "[CP] Embed Pods Frameworks";
			outputFileListPaths = (
				"${PODS_ROOT}/Target Support Files/Pods-TV Show/Pods-TV Show-frameworks-${CONFIGURATION}-output-files.xcfilelist",
			);
			runOnlyForDeploymentPostprocessing = 0;
			shellPath = /bin/sh;
			shellScript = "\"${PODS_ROOT}/Target Support Files/Pods-TV Show/Pods-TV Show-frameworks.sh\"\n";
			showEnvVarsInLog = 0;
		};
/* End PBXShellScriptBuildPhase section */

/* Begin PBXSourcesBuildPhase section */
		335F629D256CA1B100E7A1B3 /* Sources */ = {
			isa = PBXSourcesBuildPhase;
			buildActionMask = 2147483647;
			files = (
				33349C81256F636400CE17AE /* DetailViewModel.swift in Sources */,
				33349C32256CE2E900CE17AE /* Movie.swift in Sources */,
				33349C18256CA71700CE17AE /* Settings.swift in Sources */,
				33349C38256CE44900CE17AE /* Data.Ext.swift in Sources */,
				33349C60256D014E00CE17AE /* Networking.swift in Sources */,
				33349C50256CF27E00CE17AE /* MovieCell.swift in Sources */,
				33349C11256CA6FB00CE17AE /* Movies.swift in Sources */,
				33349C892570A4FC00CE17AE /* FavoritesViewModel.swift in Sources */,
				33349C912570F35600CE17AE /* MovieCellModel.swift in Sources */,
				33349C57256CF7F600CE17AE /* BaseViewController.swift in Sources */,
				335F62A5256CA1B100E7A1B3 /* AppDelegate.swift in Sources */,
				33349CAC2579E77300CE17AE /* Favorite.swift in Sources */,
				33349C0A256CA6C700CE17AE /* Favorites.swift in Sources */,
				33349C03256CA68C00CE17AE /* About.swift in Sources */,
				33349C41256CEBAC00CE17AE /* API.swift in Sources */,
				335F62A7256CA1B100E7A1B3 /* SceneDelegate.swift in Sources */,
				33349C6F256E482600CE17AE /* MovieDetail.swift in Sources */,
				33349C49256CECCB00CE17AE /* MoviesViewModel.swift in Sources */,
				33349C69256E3A5700CE17AE /* DetailViewController.swift in Sources */,
			);
			runOnlyForDeploymentPostprocessing = 0;
		};
		335F62B3256CA1B700E7A1B3 /* Sources */ = {
			isa = PBXSourcesBuildPhase;
			buildActionMask = 2147483647;
			files = (
				335F62BC256CA1B700E7A1B3 /* TV_ShowTests.swift in Sources */,
			);
			runOnlyForDeploymentPostprocessing = 0;
		};
		335F62BE256CA1B700E7A1B3 /* Sources */ = {
			isa = PBXSourcesBuildPhase;
			buildActionMask = 2147483647;
			files = (
				335F62C7256CA1B700E7A1B3 /* TV_ShowUITests.swift in Sources */,
			);
			runOnlyForDeploymentPostprocessing = 0;
		};
/* End PBXSourcesBuildPhase section */

/* Begin PBXTargetDependency section */
		335F62B9256CA1B700E7A1B3 /* PBXTargetDependency */ = {
			isa = PBXTargetDependency;
			target = 335F62A0256CA1B100E7A1B3 /* TV Show */;
			targetProxy = 335F62B8256CA1B700E7A1B3 /* PBXContainerItemProxy */;
		};
		335F62C4256CA1B700E7A1B3 /* PBXTargetDependency */ = {
			isa = PBXTargetDependency;
			target = 335F62A0256CA1B100E7A1B3 /* TV Show */;
			targetProxy = 335F62C3256CA1B700E7A1B3 /* PBXContainerItemProxy */;
		};
/* End PBXTargetDependency section */

/* Begin PBXVariantGroup section */
		335F62AF256CA1B600E7A1B3 /* LaunchScreen.storyboard */ = {
			isa = PBXVariantGroup;
			children = (
				335F62B0256CA1B600E7A1B3 /* Base */,
			);
			name = LaunchScreen.storyboard;
			sourceTree = "<group>";
		};
/* End PBXVariantGroup section */

/* Begin XCBuildConfiguration section */
		335F62C9256CA1B700E7A1B3 /* Debug */ = {
			isa = XCBuildConfiguration;
			buildSettings = {
				ALWAYS_SEARCH_USER_PATHS = NO;
				CLANG_ANALYZER_NONNULL = YES;
				CLANG_ANALYZER_NUMBER_OBJECT_CONVERSION = YES_AGGRESSIVE;
				CLANG_CXX_LANGUAGE_STANDARD = "gnu++14";
				CLANG_CXX_LIBRARY = "libc++";
				CLANG_ENABLE_MODULES = YES;
				CLANG_ENABLE_OBJC_ARC = YES;
				CLANG_ENABLE_OBJC_WEAK = YES;
				CLANG_WARN_BLOCK_CAPTURE_AUTORELEASING = YES;
				CLANG_WARN_BOOL_CONVERSION = YES;
				CLANG_WARN_COMMA = YES;
				CLANG_WARN_CONSTANT_CONVERSION = YES;
				CLANG_WARN_DEPRECATED_OBJC_IMPLEMENTATIONS = YES;
				CLANG_WARN_DIRECT_OBJC_ISA_USAGE = YES_ERROR;
				CLANG_WARN_DOCUMENTATION_COMMENTS = YES;
				CLANG_WARN_EMPTY_BODY = YES;
				CLANG_WARN_ENUM_CONVERSION = YES;
				CLANG_WARN_INFINITE_RECURSION = YES;
				CLANG_WARN_INT_CONVERSION = YES;
				CLANG_WARN_NON_LITERAL_NULL_CONVERSION = YES;
				CLANG_WARN_OBJC_IMPLICIT_RETAIN_SELF = YES;
				CLANG_WARN_OBJC_LITERAL_CONVERSION = YES;
				CLANG_WARN_OBJC_ROOT_CLASS = YES_ERROR;
				CLANG_WARN_QUOTED_INCLUDE_IN_FRAMEWORK_HEADER = YES;
				CLANG_WARN_RANGE_LOOP_ANALYSIS = YES;
				CLANG_WARN_STRICT_PROTOTYPES = YES;
				CLANG_WARN_SUSPICIOUS_MOVE = YES;
				CLANG_WARN_UNGUARDED_AVAILABILITY = YES_AGGRESSIVE;
				CLANG_WARN_UNREACHABLE_CODE = YES;
				CLANG_WARN__DUPLICATE_METHOD_MATCH = YES;
				COPY_PHASE_STRIP = NO;
				DEBUG_INFORMATION_FORMAT = dwarf;
				ENABLE_STRICT_OBJC_MSGSEND = YES;
				ENABLE_TESTABILITY = YES;
				GCC_C_LANGUAGE_STANDARD = gnu11;
				GCC_DYNAMIC_NO_PIC = NO;
				GCC_NO_COMMON_BLOCKS = YES;
				GCC_OPTIMIZATION_LEVEL = 0;
				GCC_PREPROCESSOR_DEFINITIONS = (
					"DEBUG=1",
					"$(inherited)",
				);
				GCC_WARN_64_TO_32_BIT_CONVERSION = YES;
				GCC_WARN_ABOUT_RETURN_TYPE = YES_ERROR;
				GCC_WARN_UNDECLARED_SELECTOR = YES;
				GCC_WARN_UNINITIALIZED_AUTOS = YES_AGGRESSIVE;
				GCC_WARN_UNUSED_FUNCTION = YES;
				GCC_WARN_UNUSED_VARIABLE = YES;
				IPHONEOS_DEPLOYMENT_TARGET = 14.1;
				MTL_ENABLE_DEBUG_INFO = INCLUDE_SOURCE;
				MTL_FAST_MATH = YES;
				ONLY_ACTIVE_ARCH = YES;
				SDKROOT = iphoneos;
				SWIFT_ACTIVE_COMPILATION_CONDITIONS = DEBUG;
				SWIFT_OPTIMIZATION_LEVEL = "-Onone";
			};
			name = Debug;
		};
		335F62CA256CA1B700E7A1B3 /* Release */ = {
			isa = XCBuildConfiguration;
			buildSettings = {
				ALWAYS_SEARCH_USER_PATHS = NO;
				CLANG_ANALYZER_NONNULL = YES;
				CLANG_ANALYZER_NUMBER_OBJECT_CONVERSION = YES_AGGRESSIVE;
				CLANG_CXX_LANGUAGE_STANDARD = "gnu++14";
				CLANG_CXX_LIBRARY = "libc++";
				CLANG_ENABLE_MODULES = YES;
				CLANG_ENABLE_OBJC_ARC = YES;
				CLANG_ENABLE_OBJC_WEAK = YES;
				CLANG_WARN_BLOCK_CAPTURE_AUTORELEASING = YES;
				CLANG_WARN_BOOL_CONVERSION = YES;
				CLANG_WARN_COMMA = YES;
				CLANG_WARN_CONSTANT_CONVERSION = YES;
				CLANG_WARN_DEPRECATED_OBJC_IMPLEMENTATIONS = YES;
				CLANG_WARN_DIRECT_OBJC_ISA_USAGE = YES_ERROR;
				CLANG_WARN_DOCUMENTATION_COMMENTS = YES;
				CLANG_WARN_EMPTY_BODY = YES;
				CLANG_WARN_ENUM_CONVERSION = YES;
				CLANG_WARN_INFINITE_RECURSION = YES;
				CLANG_WARN_INT_CONVERSION = YES;
				CLANG_WARN_NON_LITERAL_NULL_CONVERSION = YES;
				CLANG_WARN_OBJC_IMPLICIT_RETAIN_SELF = YES;
				CLANG_WARN_OBJC_LITERAL_CONVERSION = YES;
				CLANG_WARN_OBJC_ROOT_CLASS = YES_ERROR;
				CLANG_WARN_QUOTED_INCLUDE_IN_FRAMEWORK_HEADER = YES;
				CLANG_WARN_RANGE_LOOP_ANALYSIS = YES;
				CLANG_WARN_STRICT_PROTOTYPES = YES;
				CLANG_WARN_SUSPICIOUS_MOVE = YES;
				CLANG_WARN_UNGUARDED_AVAILABILITY = YES_AGGRESSIVE;
				CLANG_WARN_UNREACHABLE_CODE = YES;
				CLANG_WARN__DUPLICATE_METHOD_MATCH = YES;
				COPY_PHASE_STRIP = NO;
				DEBUG_INFORMATION_FORMAT = "dwarf-with-dsym";
				ENABLE_NS_ASSERTIONS = NO;
				ENABLE_STRICT_OBJC_MSGSEND = YES;
				GCC_C_LANGUAGE_STANDARD = gnu11;
				GCC_NO_COMMON_BLOCKS = YES;
				GCC_WARN_64_TO_32_BIT_CONVERSION = YES;
				GCC_WARN_ABOUT_RETURN_TYPE = YES_ERROR;
				GCC_WARN_UNDECLARED_SELECTOR = YES;
				GCC_WARN_UNINITIALIZED_AUTOS = YES_AGGRESSIVE;
				GCC_WARN_UNUSED_FUNCTION = YES;
				GCC_WARN_UNUSED_VARIABLE = YES;
				IPHONEOS_DEPLOYMENT_TARGET = 14.1;
				MTL_ENABLE_DEBUG_INFO = NO;
				MTL_FAST_MATH = YES;
				SDKROOT = iphoneos;
				SWIFT_COMPILATION_MODE = wholemodule;
				SWIFT_OPTIMIZATION_LEVEL = "-O";
				VALIDATE_PRODUCT = YES;
			};
			name = Release;
		};
		335F62CC256CA1B700E7A1B3 /* Debug */ = {
			isa = XCBuildConfiguration;
			baseConfigurationReference = CEA0BC30402AB9267CAE9783 /* Pods-TV Show.debug.xcconfig */;
			buildSettings = {
				ASSETCATALOG_COMPILER_APPICON_NAME = AppIcon;
				ASSETCATALOG_COMPILER_GLOBAL_ACCENT_COLOR_NAME = AccentColor;
				CODE_SIGN_STYLE = Automatic;
				INFOPLIST_FILE = "TV Show/Info.plist";
				LD_RUNPATH_SEARCH_PATHS = (
					"$(inherited)",
					"@executable_path/Frameworks",
				);
				PRODUCT_BUNDLE_IDENTIFIER = "kimhao.TV-Show";
				PRODUCT_NAME = "$(TARGET_NAME)";
				SWIFT_VERSION = 5.0;
				TARGETED_DEVICE_FAMILY = "1,2";
			};
			name = Debug;
		};
		335F62CD256CA1B700E7A1B3 /* Release */ = {
			isa = XCBuildConfiguration;
			baseConfigurationReference = 8800218A3BFDF65E41A3B74C /* Pods-TV Show.release.xcconfig */;
			buildSettings = {
				ASSETCATALOG_COMPILER_APPICON_NAME = AppIcon;
				ASSETCATALOG_COMPILER_GLOBAL_ACCENT_COLOR_NAME = AccentColor;
				CODE_SIGN_STYLE = Automatic;
				INFOPLIST_FILE = "TV Show/Info.plist";
				LD_RUNPATH_SEARCH_PATHS = (
					"$(inherited)",
					"@executable_path/Frameworks",
				);
				PRODUCT_BUNDLE_IDENTIFIER = "kimhao.TV-Show";
				PRODUCT_NAME = "$(TARGET_NAME)";
				SWIFT_VERSION = 5.0;
				TARGETED_DEVICE_FAMILY = "1,2";
			};
			name = Release;
		};
		335F62CF256CA1B700E7A1B3 /* Debug */ = {
			isa = XCBuildConfiguration;
			baseConfigurationReference = 1545A8C7FCD0E56B7663B6D7 /* Pods-TV ShowTests.debug.xcconfig */;
			buildSettings = {
				ALWAYS_EMBED_SWIFT_STANDARD_LIBRARIES = YES;
				BUNDLE_LOADER = "$(TEST_HOST)";
				CODE_SIGN_STYLE = Automatic;
				INFOPLIST_FILE = "TV ShowTests/Info.plist";
				IPHONEOS_DEPLOYMENT_TARGET = 14.1;
				LD_RUNPATH_SEARCH_PATHS = (
					"$(inherited)",
					"@executable_path/Frameworks",
					"@loader_path/Frameworks",
				);
				PRODUCT_BUNDLE_IDENTIFIER = "kimhao.TV-ShowTests";
				PRODUCT_NAME = "$(TARGET_NAME)";
				SWIFT_VERSION = 5.0;
				TARGETED_DEVICE_FAMILY = "1,2";
				TEST_HOST = "$(BUILT_PRODUCTS_DIR)/TV Show.app/TV Show";
			};
			name = Debug;
		};
		335F62D0256CA1B700E7A1B3 /* Release */ = {
			isa = XCBuildConfiguration;
			baseConfigurationReference = 2ED6F4D9D513B5B67BB36427 /* Pods-TV ShowTests.release.xcconfig */;
			buildSettings = {
				ALWAYS_EMBED_SWIFT_STANDARD_LIBRARIES = YES;
				BUNDLE_LOADER = "$(TEST_HOST)";
				CODE_SIGN_STYLE = Automatic;
				INFOPLIST_FILE = "TV ShowTests/Info.plist";
				IPHONEOS_DEPLOYMENT_TARGET = 14.1;
				LD_RUNPATH_SEARCH_PATHS = (
					"$(inherited)",
					"@executable_path/Frameworks",
					"@loader_path/Frameworks",
				);
				PRODUCT_BUNDLE_IDENTIFIER = "kimhao.TV-ShowTests";
				PRODUCT_NAME = "$(TARGET_NAME)";
				SWIFT_VERSION = 5.0;
				TARGETED_DEVICE_FAMILY = "1,2";
				TEST_HOST = "$(BUILT_PRODUCTS_DIR)/TV Show.app/TV Show";
			};
			name = Release;
		};
		335F62D2256CA1B700E7A1B3 /* Debug */ = {
			isa = XCBuildConfiguration;
			baseConfigurationReference = 51F5462E7E02CC54FA189610 /* Pods-TV Show-TV ShowUITests.debug.xcconfig */;
			buildSettings = {
				ALWAYS_EMBED_SWIFT_STANDARD_LIBRARIES = YES;
				CODE_SIGN_STYLE = Automatic;
				INFOPLIST_FILE = "TV ShowUITests/Info.plist";
				LD_RUNPATH_SEARCH_PATHS = (
					"$(inherited)",
					"@executable_path/Frameworks",
					"@loader_path/Frameworks",
				);
				PRODUCT_BUNDLE_IDENTIFIER = "kimhao.TV-ShowUITests";
				PRODUCT_NAME = "$(TARGET_NAME)";
				SWIFT_VERSION = 5.0;
				TARGETED_DEVICE_FAMILY = "1,2";
				TEST_TARGET_NAME = "TV Show";
			};
			name = Debug;
		};
		335F62D3256CA1B700E7A1B3 /* Release */ = {
			isa = XCBuildConfiguration;
			baseConfigurationReference = CF74DDB3ACCD691221F6EBAE /* Pods-TV Show-TV ShowUITests.release.xcconfig */;
			buildSettings = {
				ALWAYS_EMBED_SWIFT_STANDARD_LIBRARIES = YES;
				CODE_SIGN_STYLE = Automatic;
				INFOPLIST_FILE = "TV ShowUITests/Info.plist";
				LD_RUNPATH_SEARCH_PATHS = (
					"$(inherited)",
					"@executable_path/Frameworks",
					"@loader_path/Frameworks",
				);
				PRODUCT_BUNDLE_IDENTIFIER = "kimhao.TV-ShowUITests";
				PRODUCT_NAME = "$(TARGET_NAME)";
				SWIFT_VERSION = 5.0;
				TARGETED_DEVICE_FAMILY = "1,2";
				TEST_TARGET_NAME = "TV Show";
			};
			name = Release;
		};
/* End XCBuildConfiguration section */

/* Begin XCConfigurationList section */
		335F629C256CA1B100E7A1B3 /* Build configuration list for PBXProject "TV Show" */ = {
			isa = XCConfigurationList;
			buildConfigurations = (
				335F62C9256CA1B700E7A1B3 /* Debug */,
				335F62CA256CA1B700E7A1B3 /* Release */,
			);
			defaultConfigurationIsVisible = 0;
			defaultConfigurationName = Release;
		};
		335F62CB256CA1B700E7A1B3 /* Build configuration list for PBXNativeTarget "TV Show" */ = {
			isa = XCConfigurationList;
			buildConfigurations = (
				335F62CC256CA1B700E7A1B3 /* Debug */,
				335F62CD256CA1B700E7A1B3 /* Release */,
			);
			defaultConfigurationIsVisible = 0;
			defaultConfigurationName = Release;
		};
		335F62CE256CA1B700E7A1B3 /* Build configuration list for PBXNativeTarget "TV ShowTests" */ = {
			isa = XCConfigurationList;
			buildConfigurations = (
				335F62CF256CA1B700E7A1B3 /* Debug */,
				335F62D0256CA1B700E7A1B3 /* Release */,
			);
			defaultConfigurationIsVisible = 0;
			defaultConfigurationName = Release;
		};
		335F62D1256CA1B700E7A1B3 /* Build configuration list for PBXNativeTarget "TV ShowUITests" */ = {
			isa = XCConfigurationList;
			buildConfigurations = (
				335F62D2256CA1B700E7A1B3 /* Debug */,
				335F62D3256CA1B700E7A1B3 /* Release */,
			);
			defaultConfigurationIsVisible = 0;
			defaultConfigurationName = Release;
		};
/* End XCConfigurationList section */
	};
	rootObject = 335F6299256CA1B100E7A1B3 /* Project object */;
}
